
Microsoft Visual Studio Solution File, Format Version 12.00
# Visual Studio Version 16
VisualStudioVersion = 16.0.31112.23
MinimumVisualStudioVersion = 10.0.40219.1
Project("{F184B08F-C81C-45F6-A57F-5ABD9991F28F}") = "DIMR_RUNR", "DIMR_RUNR.vbproj", "{751DDD57-C26F-4F84-A919-7A4FDCFB4BFF}"
EndProject
Project("{F184B08F-C81C-45F6-A57F-5ABD9991F28F}") = "STOCHLIB", "..\DLL\STOCHLIB.vbproj", "{9DCE2960-835C-4462-849A-58FB0900920B}"
EndProject
Global
	GlobalSection(SolutionConfigurationPlatforms) = preSolution
		Debug|Any CPU = Debug|Any CPU
		Debug|x64 = Debug|x64
		Debug|x86 = Debug|x86
		Release|Any CPU = Release|Any CPU
		Release|x64 = Release|x64
		Release|x86 = Release|x86
	EndGlobalSection
	GlobalSection(ProjectConfigurationPlatforms) = postSolution
		{751DDD57-C26F-4F84-A919-7A4FDCFB4BFF}.Debug|Any CPU.ActiveCfg = Debug|Any CPU
		{751DDD57-C26F-4F84-A919-7A4FDCFB4BFF}.Debug|Any CPU.Build.0 = Debug|Any CPU
		{751DDD57-C26F-4F84-A919-7A4FDCFB4BFF}.Debug|x64.ActiveCfg = Debug|x64
		{751DDD57-C26F-4F84-A919-7A4FDCFB4BFF}.Debug|x64.Build.0 = Debug|x64
		{751DDD57-C26F-4F84-A919-7A4FDCFB4BFF}.Debug|x86.ActiveCfg = Debug|Any CPU
		{751DDD57-C26F-4F84-A919-7A4FDCFB4BFF}.Debug|x86.Build.0 = Debug|Any CPU
		{751DDD57-C26F-4F84-A919-7A4FDCFB4BFF}.Release|Any CPU.ActiveCfg = Release|Any CPU
		{751DDD57-C26F-4F84-A919-7A4FDCFB4BFF}.Release|Any CPU.Build.0 = Release|Any CPU
		{751DDD57-C26F-4F84-A919-7A4FDCFB4BFF}.Release|x64.ActiveCfg = Release|x64
		{751DDD57-C26F-4F84-A919-7A4FDCFB4BFF}.Release|x64.Build.0 = Release|x64
		{751DDD57-C26F-4F84-A919-7A4FDCFB4BFF}.Release|x86.ActiveCfg = Release|Any CPU
		{751DDD57-C26F-4F84-A919-7A4FDCFB4BFF}.Release|x86.Build.0 = Release|Any CPU
		{9DCE2960-835C-4462-849A-58FB0900920B}.Debug|Any CPU.ActiveCfg = Debug|Any CPU
		{9DCE2960-835C-4462-849A-58FB0900920B}.Debug|Any CPU.Build.0 = Debug|Any CPU
		{9DCE2960-835C-4462-849A-58FB0900920B}.Debug|x64.ActiveCfg = Debug|x64
		{9DCE2960-835C-4462-849A-58FB0900920B}.Debug|x64.Build.0 = Debug|x64
		{9DCE2960-835C-4462-849A-58FB0900920B}.Debug|x86.ActiveCfg = Debug|x86
		{9DCE2960-835C-4462-849A-58FB0900920B}.Debug|x86.Build.0 = Debug|x86
		{9DCE2960-835C-4462-849A-58FB0900920B}.Release|Any CPU.ActiveCfg = Release|Any CPU
		{9DCE2960-835C-4462-849A-58FB0900920B}.Release|Any CPU.Build.0 = Release|Any CPU
		{9DCE2960-835C-4462-849A-58FB0900920B}.Release|x64.ActiveCfg = Release|x64
		{9DCE2960-835C-4462-849A-58FB0900920B}.Release|x64.Build.0 = Release|x64
		{9DCE2960-835C-4462-849A-58FB0900920B}.Release|x86.ActiveCfg = Release|x86
		{9DCE2960-835C-4462-849A-58FB0900920B}.Release|x86.Build.0 = Release|x86
	EndGlobalSection
	GlobalSection(SolutionProperties) = preSolution
		HideSolutionNode = FALSE
	EndGlobalSection
	GlobalSection(ExtensibilityGlobals) = postSolution
		SolutionGuid = {3A5ECECA-BAC5-46D5-824F-52C96CC81BC7}
	EndGlobalSection
EndGlobal
